
Microsoft Visual Studio Solution File, Format Version 12.00
# Visual Studio Version 17
VisualStudioVersion = 17.2.32526.322
MinimumVisualStudioVersion = 10.0.40219.1
Project("{FAE04EC0-301F-11D3-BF4B-00C04F79EFBC}") = "ElectionGuard.InteropGenerator", "ElectionGuard.InteropGenerator\ElectionGuard.InteropGenerator.csproj", "{450CE73D-B502-44FB-97C3-1E2EDAFAC6B7}"
EndProject
Global
	GlobalSection(SolutionConfigurationPlatforms) = preSolution
		Debug|Any CPU = Debug|Any CPU
		Release|Any CPU = Release|Any CPU
	EndGlobalSection
	GlobalSection(ProjectConfigurationPlatforms) = postSolution
		{450CE73D-B502-44FB-97C3-1E2EDAFAC6B7}.Debug|Any CPU.ActiveCfg = Debug|Any CPU
		{450CE73D-B502-44FB-97C3-1E2EDAFAC6B7}.Debug|Any CPU.Build.0 = Debug|Any CPU
		{450CE73D-B502-44FB-97C3-1E2EDAFAC6B7}.Release|Any CPU.ActiveCfg = Release|Any CPU
		{450CE73D-B502-44FB-97C3-1E2EDAFAC6B7}.Release|Any CPU.Build.0 = Release|Any CPU
	EndGlobalSection
	GlobalSection(SolutionProperties) = preSolution
		HideSolutionNode = FALSE
	EndGlobalSection
	GlobalSection(ExtensibilityGlobals) = postSolution
		SolutionGuid = {25855BB1-EB4C-4F93-8853-85E1F3321778}
	EndGlobalSection
EndGlobal
