// !$*UTF8*$!
{
	archiveVersion = 1;
	classes = {
	};
	objectVersion = 50;
	objects = {

/* Begin PBXBuildFile section */
		A52A8FDE24F01A2B0017244F /* ContestViewController.swift in Sources */ = {isa = PBXBuildFile; fileRef = A52A8FDD24F01A2B0017244F /* ContestViewController.swift */; };
		A56C8C5A24EF14B80044EA70 /* AppDelegate.swift in Sources */ = {isa = PBXBuildFile; fileRef = A56C8C5924EF14B80044EA70 /* AppDelegate.swift */; };
		A56C8C5C24EF14B80044EA70 /* SceneDelegate.swift in Sources */ = {isa = PBXBuildFile; fileRef = A56C8C5B24EF14B80044EA70 /* SceneDelegate.swift */; };
		A56C8C5E24EF14B80044EA70 /* MainViewController.swift in Sources */ = {isa = PBXBuildFile; fileRef = A56C8C5D24EF14B80044EA70 /* MainViewController.swift */; };
		A56C8C6324EF14B90044EA70 /* Assets.xcassets in Resources */ = {isa = PBXBuildFile; fileRef = A56C8C6224EF14B90044EA70 /* Assets.xcassets */; };
		A56C8C6624EF14B90044EA70 /* LaunchScreen.storyboard in Resources */ = {isa = PBXBuildFile; fileRef = A56C8C6424EF14B90044EA70 /* LaunchScreen.storyboard */; };
		A56C8C7524EF1C070044EA70 /* libelectionguard.a in Frameworks */ = {isa = PBXBuildFile; fileRef = A56C8C7424EF1C070044EA70 /* libelectionguard.a */; };
		A56C8C7C24EF1C620044EA70 /* libc++.tbd in Frameworks */ = {isa = PBXBuildFile; fileRef = A56C8C7B24EF1C620044EA70 /* libc++.tbd */; };
		A56C8C7E24EF1CA70044EA70 /* ElectionGuard.swift in Sources */ = {isa = PBXBuildFile; fileRef = A56C8C7D24EF1CA70044EA70 /* ElectionGuard.swift */; };
		A5A8009A24F01F0C0068FE96 /* UIView+addSubviews.swift in Sources */ = {isa = PBXBuildFile; fileRef = A5A8009924F01F0C0068FE96 /* UIView+addSubviews.swift */; };
		A5A8009D24F027410068FE96 /* SelectionCollectionViewCell.swift in Sources */ = {isa = PBXBuildFile; fileRef = A5A8009C24F027410068FE96 /* SelectionCollectionViewCell.swift */; };
		A5A8009F24F032DE0068FE96 /* EGButton.swift in Sources */ = {isa = PBXBuildFile; fileRef = A5A8009E24F032DE0068FE96 /* EGButton.swift */; };
/* End PBXBuildFile section */

/* Begin PBXFileReference section */
		A52A8FDD24F01A2B0017244F /* ContestViewController.swift */ = {isa = PBXFileReference; lastKnownFileType = sourcecode.swift; path = ContestViewController.swift; sourceTree = "<group>"; };
		A56C8C5624EF14B80044EA70 /* ElectionGuard.app */ = {isa = PBXFileReference; explicitFileType = wrapper.application; includeInIndex = 0; path = ElectionGuard.app; sourceTree = BUILT_PRODUCTS_DIR; };
		A56C8C5924EF14B80044EA70 /* AppDelegate.swift */ = {isa = PBXFileReference; lastKnownFileType = sourcecode.swift; path = AppDelegate.swift; sourceTree = "<group>"; };
		A56C8C5B24EF14B80044EA70 /* SceneDelegate.swift */ = {isa = PBXFileReference; lastKnownFileType = sourcecode.swift; path = SceneDelegate.swift; sourceTree = "<group>"; };
		A56C8C5D24EF14B80044EA70 /* MainViewController.swift */ = {isa = PBXFileReference; lastKnownFileType = sourcecode.swift; path = MainViewController.swift; sourceTree = "<group>"; };
		A56C8C6224EF14B90044EA70 /* Assets.xcassets */ = {isa = PBXFileReference; lastKnownFileType = folder.assetcatalog; path = Assets.xcassets; sourceTree = "<group>"; };
		A56C8C6524EF14B90044EA70 /* Base */ = {isa = PBXFileReference; lastKnownFileType = file.storyboard; name = Base; path = Base.lproj/LaunchScreen.storyboard; sourceTree = "<group>"; };
		A56C8C6724EF14B90044EA70 /* Info.plist */ = {isa = PBXFileReference; lastKnownFileType = text.plist.xml; path = Info.plist; sourceTree = "<group>"; };
		A56C8C6F24EF16170044EA70 /* group.h */ = {isa = PBXFileReference; fileEncoding = 4; lastKnownFileType = sourcecode.c.h; name = group.h; path = ../../../../../include/electionguard/group.h; sourceTree = "<group>"; };
		A56C8C7024EF16170044EA70 /* encrypt.h */ = {isa = PBXFileReference; fileEncoding = 4; lastKnownFileType = sourcecode.c.h; name = encrypt.h; path = ../../../../../include/electionguard/encrypt.h; sourceTree = "<group>"; };
		A56C8C7124EF16170044EA70 /* export.h */ = {isa = PBXFileReference; fileEncoding = 4; lastKnownFileType = sourcecode.c.h; name = export.h; path = ../../../../../include/electionguard/export.h; sourceTree = "<group>"; };
		A56C8C7224EF16170044EA70 /* election_object_base.h */ = {isa = PBXFileReference; fileEncoding = 4; lastKnownFileType = sourcecode.c.h; name = election_object_base.h; path = ../../../../../include/electionguard/election_object_base.h; sourceTree = "<group>"; };
		A56C8C7324EF16170044EA70 /* ballot.h */ = {isa = PBXFileReference; fileEncoding = 4; lastKnownFileType = sourcecode.c.h; name = ballot.h; path = ../../../../../include/electionguard/ballot.h; sourceTree = "<group>"; };
		A56C8C7424EF1C070044EA70 /* libelectionguard.a */ = {isa = PBXFileReference; lastKnownFileType = archive.ar; path = libelectionguard.a; sourceTree = "<group>"; };
		A56C8C7624EF1C1F0044EA70 /* ElectionGuardDemo-Bridging-Header.h */ = {isa = PBXFileReference; lastKnownFileType = sourcecode.c.h; path = "ElectionGuardDemo-Bridging-Header.h"; sourceTree = "<group>"; };
		A56C8C7B24EF1C620044EA70 /* libc++.tbd */ = {isa = PBXFileReference; lastKnownFileType = "sourcecode.text-based-dylib-definition"; name = "libc++.tbd"; path = "usr/lib/libc++.tbd"; sourceTree = SDKROOT; };
		A56C8C7D24EF1CA70044EA70 /* ElectionGuard.swift */ = {isa = PBXFileReference; lastKnownFileType = sourcecode.swift; path = ElectionGuard.swift; sourceTree = "<group>"; };
		B160683B24F7F4B400EA2A14 /* constants.h */ = {isa = PBXFileReference; fileEncoding = 4; lastKnownFileType = sourcecode.c.h; name = constants.h; path = ../../../../../include/electionguard/constants.h; sourceTree = "<group>"; };
		B160683C24F7F4B400EA2A14 /* election.h */ = {isa = PBXFileReference; fileEncoding = 4; lastKnownFileType = sourcecode.c.h; name = election.h; path = ../../../../../include/electionguard/election.h; sourceTree = "<group>"; };
		A5A8009924F01F0C0068FE96 /* UIView+addSubviews.swift */ = {isa = PBXFileReference; lastKnownFileType = sourcecode.swift; path = "UIView+addSubviews.swift"; sourceTree = "<group>"; };
		A5A8009C24F027410068FE96 /* SelectionCollectionViewCell.swift */ = {isa = PBXFileReference; lastKnownFileType = sourcecode.swift; path = SelectionCollectionViewCell.swift; sourceTree = "<group>"; };
		A5A8009E24F032DE0068FE96 /* EGButton.swift */ = {isa = PBXFileReference; lastKnownFileType = sourcecode.swift; path = EGButton.swift; sourceTree = "<group>"; };
/* End PBXFileReference section */

/* Begin PBXFrameworksBuildPhase section */
		A56C8C5324EF14B80044EA70 /* Frameworks */ = {
			isa = PBXFrameworksBuildPhase;
			buildActionMask = 2147483647;
			files = (
				A56C8C7C24EF1C620044EA70 /* libc++.tbd in Frameworks */,
				A56C8C7524EF1C070044EA70 /* libelectionguard.a in Frameworks */,
			);
			runOnlyForDeploymentPostprocessing = 0;
		};
/* End PBXFrameworksBuildPhase section */

/* Begin PBXGroup section */
		A52A8FDC24F019C60017244F /* ViewControllers */ = {
			isa = PBXGroup;
			children = (
				A56C8C5D24EF14B80044EA70 /* MainViewController.swift */,
				A52A8FDD24F01A2B0017244F /* ContestViewController.swift */,
			);
			path = ViewControllers;
			sourceTree = "<group>";
		};
		A56C8C4D24EF14B80044EA70 = {
			isa = PBXGroup;
			children = (
				A56C8C5824EF14B80044EA70 /* ElectionGuardDemo */,
				A56C8C5724EF14B80044EA70 /* Products */,
				A56C8C7A24EF1C620044EA70 /* Frameworks */,
			);
			sourceTree = "<group>";
		};
		A56C8C5724EF14B80044EA70 /* Products */ = {
			isa = PBXGroup;
			children = (
				A56C8C5624EF14B80044EA70 /* ElectionGuard.app */,
			);
			name = Products;
			sourceTree = "<group>";
		};
		A56C8C5824EF14B80044EA70 /* ElectionGuardDemo */ = {
			isa = PBXGroup;
			children = (
				A56C8C7424EF1C070044EA70 /* libelectionguard.a */,
				A56C8C6D24EF15A20044EA70 /* electionguard-core */,
				A56C8C5924EF14B80044EA70 /* AppDelegate.swift */,
				A56C8C5B24EF14B80044EA70 /* SceneDelegate.swift */,
				A56C8C6224EF14B90044EA70 /* Assets.xcassets */,
				A56C8C6424EF14B90044EA70 /* LaunchScreen.storyboard */,
				A56C8C6724EF14B90044EA70 /* Info.plist */,
				A56C8C7624EF1C1F0044EA70 /* ElectionGuardDemo-Bridging-Header.h */,
				A56C8C7D24EF1CA70044EA70 /* ElectionGuard.swift */,
				A5A8009824F01EEC0068FE96 /* Extensions */,
				A5A8009B24F027290068FE96 /* Views */,
				A52A8FDC24F019C60017244F /* ViewControllers */,
			);
			path = ElectionGuardDemo;
			sourceTree = "<group>";
		};
		A56C8C6D24EF15A20044EA70 /* electionguard-core */ = {
			isa = PBXGroup;
			children = (
				B160683B24F7F4B400EA2A14 /* constants.h */,
				B160683C24F7F4B400EA2A14 /* election.h */,
				A56C8C7324EF16170044EA70 /* ballot.h */,
				A56C8C7224EF16170044EA70 /* election_object_base.h */,
				A56C8C7024EF16170044EA70 /* encrypt.h */,
				A56C8C7124EF16170044EA70 /* export.h */,
				A56C8C6F24EF16170044EA70 /* group.h */,
			);
			path = "electionguard-core";
			sourceTree = "<group>";
		};
		A56C8C7A24EF1C620044EA70 /* Frameworks */ = {
			isa = PBXGroup;
			children = (
				A56C8C7B24EF1C620044EA70 /* libc++.tbd */,
			);
			name = Frameworks;
			sourceTree = "<group>";
		};
		A5A8009824F01EEC0068FE96 /* Extensions */ = {
			isa = PBXGroup;
			children = (
				A5A8009924F01F0C0068FE96 /* UIView+addSubviews.swift */,
			);
			path = Extensions;
			sourceTree = "<group>";
		};
		A5A8009B24F027290068FE96 /* Views */ = {
			isa = PBXGroup;
			children = (
				A5A8009C24F027410068FE96 /* SelectionCollectionViewCell.swift */,
				A5A8009E24F032DE0068FE96 /* EGButton.swift */,
			);
			path = Views;
			sourceTree = "<group>";
		};
/* End PBXGroup section */

/* Begin PBXNativeTarget section */
		A56C8C5524EF14B80044EA70 /* ElectionGuardDemo */ = {
			isa = PBXNativeTarget;
			buildConfigurationList = A56C8C6A24EF14B90044EA70 /* Build configuration list for PBXNativeTarget "ElectionGuardDemo" */;
			buildPhases = (
				A56C8C5224EF14B80044EA70 /* Sources */,
				A56C8C5324EF14B80044EA70 /* Frameworks */,
				A56C8C5424EF14B80044EA70 /* Resources */,
			);
			buildRules = (
			);
			dependencies = (
			);
			name = ElectionGuardDemo;
			productName = ElectionGuardDemo;
			productReference = A56C8C5624EF14B80044EA70 /* ElectionGuard.app */;
			productType = "com.apple.product-type.application";
		};
/* End PBXNativeTarget section */

/* Begin PBXProject section */
		A56C8C4E24EF14B80044EA70 /* Project object */ = {
			isa = PBXProject;
			attributes = {
				LastSwiftUpdateCheck = 1150;
				LastUpgradeCheck = 1150;
				ORGANIZATIONNAME = Microsoft;
				TargetAttributes = {
					A56C8C5524EF14B80044EA70 = {
						CreatedOnToolsVersion = 11.5;
						LastSwiftMigration = 1150;
					};
				};
			};
			buildConfigurationList = A56C8C5124EF14B80044EA70 /* Build configuration list for PBXProject "ElectionGuardDemo" */;
			compatibilityVersion = "Xcode 9.3";
			developmentRegion = en;
			hasScannedForEncodings = 0;
			knownRegions = (
				en,
				Base,
			);
			mainGroup = A56C8C4D24EF14B80044EA70;
			productRefGroup = A56C8C5724EF14B80044EA70 /* Products */;
			projectDirPath = "";
			projectRoot = "";
			targets = (
				A56C8C5524EF14B80044EA70 /* ElectionGuardDemo */,
			);
		};
/* End PBXProject section */

/* Begin PBXResourcesBuildPhase section */
		A56C8C5424EF14B80044EA70 /* Resources */ = {
			isa = PBXResourcesBuildPhase;
			buildActionMask = 2147483647;
			files = (
				A56C8C6624EF14B90044EA70 /* LaunchScreen.storyboard in Resources */,
				A56C8C6324EF14B90044EA70 /* Assets.xcassets in Resources */,
			);
			runOnlyForDeploymentPostprocessing = 0;
		};
/* End PBXResourcesBuildPhase section */

/* Begin PBXSourcesBuildPhase section */
		A56C8C5224EF14B80044EA70 /* Sources */ = {
			isa = PBXSourcesBuildPhase;
			buildActionMask = 2147483647;
			files = (
				A5A8009A24F01F0C0068FE96 /* UIView+addSubviews.swift in Sources */,
				A5A8009F24F032DE0068FE96 /* EGButton.swift in Sources */,
				A5A8009D24F027410068FE96 /* SelectionCollectionViewCell.swift in Sources */,
				A56C8C7E24EF1CA70044EA70 /* ElectionGuard.swift in Sources */,
				A52A8FDE24F01A2B0017244F /* ContestViewController.swift in Sources */,
				A56C8C5E24EF14B80044EA70 /* MainViewController.swift in Sources */,
				A56C8C5A24EF14B80044EA70 /* AppDelegate.swift in Sources */,
				A56C8C5C24EF14B80044EA70 /* SceneDelegate.swift in Sources */,
			);
			runOnlyForDeploymentPostprocessing = 0;
		};
/* End PBXSourcesBuildPhase section */

/* Begin PBXVariantGroup section */
		A56C8C6424EF14B90044EA70 /* LaunchScreen.storyboard */ = {
			isa = PBXVariantGroup;
			children = (
				A56C8C6524EF14B90044EA70 /* Base */,
			);
			name = LaunchScreen.storyboard;
			sourceTree = "<group>";
		};
/* End PBXVariantGroup section */

/* Begin XCBuildConfiguration section */
		A56C8C6824EF14B90044EA70 /* Debug */ = {
			isa = XCBuildConfiguration;
			buildSettings = {
				ALWAYS_SEARCH_USER_PATHS = NO;
				CLANG_ANALYZER_NONNULL = YES;
				CLANG_ANALYZER_NUMBER_OBJECT_CONVERSION = YES_AGGRESSIVE;
				CLANG_CXX_LANGUAGE_STANDARD = "gnu++14";
				CLANG_CXX_LIBRARY = "libc++";
				CLANG_ENABLE_MODULES = YES;
				CLANG_ENABLE_OBJC_ARC = YES;
				CLANG_ENABLE_OBJC_WEAK = YES;
				CLANG_WARN_BLOCK_CAPTURE_AUTORELEASING = YES;
				CLANG_WARN_BOOL_CONVERSION = YES;
				CLANG_WARN_COMMA = YES;
				CLANG_WARN_CONSTANT_CONVERSION = YES;
				CLANG_WARN_DEPRECATED_OBJC_IMPLEMENTATIONS = YES;
				CLANG_WARN_DIRECT_OBJC_ISA_USAGE = YES_ERROR;
				CLANG_WARN_DOCUMENTATION_COMMENTS = YES;
				CLANG_WARN_EMPTY_BODY = YES;
				CLANG_WARN_ENUM_CONVERSION = YES;
				CLANG_WARN_INFINITE_RECURSION = YES;
				CLANG_WARN_INT_CONVERSION = YES;
				CLANG_WARN_NON_LITERAL_NULL_CONVERSION = YES;
				CLANG_WARN_OBJC_IMPLICIT_RETAIN_SELF = YES;
				CLANG_WARN_OBJC_LITERAL_CONVERSION = YES;
				CLANG_WARN_OBJC_ROOT_CLASS = YES_ERROR;
				CLANG_WARN_RANGE_LOOP_ANALYSIS = YES;
				CLANG_WARN_STRICT_PROTOTYPES = YES;
				CLANG_WARN_SUSPICIOUS_MOVE = YES;
				CLANG_WARN_UNGUARDED_AVAILABILITY = YES_AGGRESSIVE;
				CLANG_WARN_UNREACHABLE_CODE = YES;
				CLANG_WARN__DUPLICATE_METHOD_MATCH = YES;
				COPY_PHASE_STRIP = NO;
				DEBUG_INFORMATION_FORMAT = dwarf;
				ENABLE_STRICT_OBJC_MSGSEND = YES;
				ENABLE_TESTABILITY = YES;
				GCC_C_LANGUAGE_STANDARD = gnu11;
				GCC_DYNAMIC_NO_PIC = NO;
				GCC_NO_COMMON_BLOCKS = YES;
				GCC_OPTIMIZATION_LEVEL = 0;
				GCC_PREPROCESSOR_DEFINITIONS = (
					"DEBUG=1",
					"$(inherited)",
				);
				GCC_WARN_64_TO_32_BIT_CONVERSION = YES;
				GCC_WARN_ABOUT_RETURN_TYPE = YES_ERROR;
				GCC_WARN_UNDECLARED_SELECTOR = YES;
				GCC_WARN_UNINITIALIZED_AUTOS = YES_AGGRESSIVE;
				GCC_WARN_UNUSED_FUNCTION = YES;
				GCC_WARN_UNUSED_VARIABLE = YES;
				IPHONEOS_DEPLOYMENT_TARGET = 13.5;
				MTL_ENABLE_DEBUG_INFO = INCLUDE_SOURCE;
				MTL_FAST_MATH = YES;
				ONLY_ACTIVE_ARCH = YES;
				SDKROOT = iphoneos;
				SWIFT_ACTIVE_COMPILATION_CONDITIONS = DEBUG;
				SWIFT_OPTIMIZATION_LEVEL = "-Onone";
			};
			name = Debug;
		};
		A56C8C6924EF14B90044EA70 /* Release */ = {
			isa = XCBuildConfiguration;
			buildSettings = {
				ALWAYS_SEARCH_USER_PATHS = NO;
				CLANG_ANALYZER_NONNULL = YES;
				CLANG_ANALYZER_NUMBER_OBJECT_CONVERSION = YES_AGGRESSIVE;
				CLANG_CXX_LANGUAGE_STANDARD = "gnu++14";
				CLANG_CXX_LIBRARY = "libc++";
				CLANG_ENABLE_MODULES = YES;
				CLANG_ENABLE_OBJC_ARC = YES;
				CLANG_ENABLE_OBJC_WEAK = YES;
				CLANG_WARN_BLOCK_CAPTURE_AUTORELEASING = YES;
				CLANG_WARN_BOOL_CONVERSION = YES;
				CLANG_WARN_COMMA = YES;
				CLANG_WARN_CONSTANT_CONVERSION = YES;
				CLANG_WARN_DEPRECATED_OBJC_IMPLEMENTATIONS = YES;
				CLANG_WARN_DIRECT_OBJC_ISA_USAGE = YES_ERROR;
				CLANG_WARN_DOCUMENTATION_COMMENTS = YES;
				CLANG_WARN_EMPTY_BODY = YES;
				CLANG_WARN_ENUM_CONVERSION = YES;
				CLANG_WARN_INFINITE_RECURSION = YES;
				CLANG_WARN_INT_CONVERSION = YES;
				CLANG_WARN_NON_LITERAL_NULL_CONVERSION = YES;
				CLANG_WARN_OBJC_IMPLICIT_RETAIN_SELF = YES;
				CLANG_WARN_OBJC_LITERAL_CONVERSION = YES;
				CLANG_WARN_OBJC_ROOT_CLASS = YES_ERROR;
				CLANG_WARN_RANGE_LOOP_ANALYSIS = YES;
				CLANG_WARN_STRICT_PROTOTYPES = YES;
				CLANG_WARN_SUSPICIOUS_MOVE = YES;
				CLANG_WARN_UNGUARDED_AVAILABILITY = YES_AGGRESSIVE;
				CLANG_WARN_UNREACHABLE_CODE = YES;
				CLANG_WARN__DUPLICATE_METHOD_MATCH = YES;
				COPY_PHASE_STRIP = NO;
				DEBUG_INFORMATION_FORMAT = "dwarf-with-dsym";
				ENABLE_NS_ASSERTIONS = NO;
				ENABLE_STRICT_OBJC_MSGSEND = YES;
				GCC_C_LANGUAGE_STANDARD = gnu11;
				GCC_NO_COMMON_BLOCKS = YES;
				GCC_WARN_64_TO_32_BIT_CONVERSION = YES;
				GCC_WARN_ABOUT_RETURN_TYPE = YES_ERROR;
				GCC_WARN_UNDECLARED_SELECTOR = YES;
				GCC_WARN_UNINITIALIZED_AUTOS = YES_AGGRESSIVE;
				GCC_WARN_UNUSED_FUNCTION = YES;
				GCC_WARN_UNUSED_VARIABLE = YES;
				IPHONEOS_DEPLOYMENT_TARGET = 13.5;
				MTL_ENABLE_DEBUG_INFO = NO;
				MTL_FAST_MATH = YES;
				SDKROOT = iphoneos;
				SWIFT_COMPILATION_MODE = wholemodule;
				SWIFT_OPTIMIZATION_LEVEL = "-O";
				VALIDATE_PRODUCT = YES;
			};
			name = Release;
		};
		A56C8C6B24EF14B90044EA70 /* Debug */ = {
			isa = XCBuildConfiguration;
			buildSettings = {
				ASSETCATALOG_COMPILER_APPICON_NAME = AppIcon;
				CLANG_ENABLE_MODULES = YES;
				CODE_SIGN_STYLE = Automatic;
				INFOPLIST_FILE = ElectionGuardDemo/Info.plist;
				LD_RUNPATH_SEARCH_PATHS = (
					"$(inherited)",
					"@executable_path/Frameworks",
				);
				LIBRARY_SEARCH_PATHS = (
					"$(inherited)",
					"$(PROJECT_DIR)/ElectionGuardDemo",
				);
				PRODUCT_BUNDLE_IDENTIFIER = com.microsoft.electionguarddemo;
				PRODUCT_NAME = ElectionGuard;
				SWIFT_OBJC_BRIDGING_HEADER = "ElectionGuardDemo/ElectionGuardDemo-Bridging-Header.h";
				SWIFT_OPTIMIZATION_LEVEL = "-Onone";
				SWIFT_VERSION = 5.0;
				TARGETED_DEVICE_FAMILY = "1,2";
			};
			name = Debug;
		};
		A56C8C6C24EF14B90044EA70 /* Release */ = {
			isa = XCBuildConfiguration;
			buildSettings = {
				ASSETCATALOG_COMPILER_APPICON_NAME = AppIcon;
				CLANG_ENABLE_MODULES = YES;
				CODE_SIGN_STYLE = Automatic;
				INFOPLIST_FILE = ElectionGuardDemo/Info.plist;
				LD_RUNPATH_SEARCH_PATHS = (
					"$(inherited)",
					"@executable_path/Frameworks",
				);
				LIBRARY_SEARCH_PATHS = (
					"$(inherited)",
					"$(PROJECT_DIR)/ElectionGuardDemo",
				);
				PRODUCT_BUNDLE_IDENTIFIER = com.microsoft.electionguarddemo;
				PRODUCT_NAME = ElectionGuard;
				SWIFT_OBJC_BRIDGING_HEADER = "ElectionGuardDemo/ElectionGuardDemo-Bridging-Header.h";
				SWIFT_VERSION = 5.0;
				TARGETED_DEVICE_FAMILY = "1,2";
			};
			name = Release;
		};
/* End XCBuildConfiguration section */

/* Begin XCConfigurationList section */
		A56C8C5124EF14B80044EA70 /* Build configuration list for PBXProject "ElectionGuardDemo" */ = {
			isa = XCConfigurationList;
			buildConfigurations = (
				A56C8C6824EF14B90044EA70 /* Debug */,
				A56C8C6924EF14B90044EA70 /* Release */,
			);
			defaultConfigurationIsVisible = 0;
			defaultConfigurationName = Release;
		};
		A56C8C6A24EF14B90044EA70 /* Build configuration list for PBXNativeTarget "ElectionGuardDemo" */ = {
			isa = XCConfigurationList;
			buildConfigurations = (
				A56C8C6B24EF14B90044EA70 /* Debug */,
				A56C8C6C24EF14B90044EA70 /* Release */,
			);
			defaultConfigurationIsVisible = 0;
			defaultConfigurationName = Release;
		};
/* End XCConfigurationList section */
	};
	rootObject = A56C8C4E24EF14B80044EA70 /* Project object */;
}
