Microsoft Visual Studio Solution File, Format Version 12.00
# Visual Studio Version 17
VisualStudioVersion = 17.2.32519.379
MinimumVisualStudioVersion = 10.0.40219.1
Project("{9A19103F-16F7-4668-BE54-9A1E7A4F7556}") = "ElectionGuard.Encryption", "ElectionGuard.Encryption\ElectionGuard.Encryption.csproj", "{A4437B27-1101-4C91-AEBE-F97606990E2B}"
EndProject
Project("{9A19103F-16F7-4668-BE54-9A1E7A4F7556}") = "ElectionGuard.Encryption.Tests", "ElectionGuard.Encryption.Tests\ElectionGuard.Encryption.Tests.csproj", "{111BE643-7978-4CDB-9FDC-0A198139A488}"
EndProject
Project("{2150E333-8FDC-42A3-9474-1A3956D46DE8}") = "Solution Items", "Solution Items", "{4DDF806F-023D-4917-B855-E5959DE468BD}"
	ProjectSection(SolutionItems) = preProject
		icon.png = icon.png
		README.md = README.md
	EndProjectSection
EndProject
Project("{9A19103F-16F7-4668-BE54-9A1E7A4F7556}") = "ElectionGuard.Encryption.Bench", "ElectionGuard.Encryption.Bench\ElectionGuard.Encryption.Bench.csproj", "{06B6E480-D964-4351-8FF3-E62F652B8D4C}"
EndProject
Project("{9A19103F-16F7-4668-BE54-9A1E7A4F7556}") = "ElectionGuard.Encryption.Utils", "ElectionGuard.Encryption.Utils\ElectionGuard.Encryption.Utils.csproj", "{6AC780D0-1862-4680-8B47-AD6CCF97B66C}"
EndProject
Project("{9A19103F-16F7-4668-BE54-9A1E7A4F7556}") = "ElectionGuard.Encryption.Cli", "ElectionGuard.Encryption.Cli\ElectionGuard.Encryption.Cli.csproj", "{A7289C54-F777-45EA-A6E8-9C7605706CBE}"
EndProject
Project("{9A19103F-16F7-4668-BE54-9A1E7A4F7556}") = "ElectionGuard.Core", "ElectionGuard.Core\ElectionGuard.Core.csproj", "{23B8473B-196A-4634-9F13-1BAFAB9D48C4}"
EndProject
Project("{9A19103F-16F7-4668-BE54-9A1E7A4F7556}") = "ElectionGuard.Mixnet", "ElectionGuard.Mixnet\ElectionGuard.Mixnet.csproj", "{2D69A112-5366-4007-945E-0D4DA8E83BE5}"
EndProject
Global
	GlobalSection(SolutionConfigurationPlatforms) = preSolution
		Debug|Any CPU = Debug|Any CPU
		Debug|x64 = Debug|x64
		Debug|x86 = Debug|x86
		Release|Any CPU = Release|Any CPU
		Release|x64 = Release|x64
		Release|x86 = Release|x86
	EndGlobalSection
	GlobalSection(ProjectConfigurationPlatforms) = postSolution
		{A4437B27-1101-4C91-AEBE-F97606990E2B}.Debug|Any CPU.ActiveCfg = Debug|x64
		{A4437B27-1101-4C91-AEBE-F97606990E2B}.Debug|Any CPU.Build.0 = Debug|x64
		{A4437B27-1101-4C91-AEBE-F97606990E2B}.Debug|x64.ActiveCfg = Debug|x64
		{A4437B27-1101-4C91-AEBE-F97606990E2B}.Debug|x64.Build.0 = Debug|x64
		{A4437B27-1101-4C91-AEBE-F97606990E2B}.Debug|x86.ActiveCfg = Debug|x86
		{A4437B27-1101-4C91-AEBE-F97606990E2B}.Debug|x86.Build.0 = Debug|x86
		{A4437B27-1101-4C91-AEBE-F97606990E2B}.Release|Any CPU.ActiveCfg = Release|x64
		{A4437B27-1101-4C91-AEBE-F97606990E2B}.Release|Any CPU.Build.0 = Release|x64
		{A4437B27-1101-4C91-AEBE-F97606990E2B}.Release|x64.ActiveCfg = Release|x64
		{A4437B27-1101-4C91-AEBE-F97606990E2B}.Release|x64.Build.0 = Release|x64
		{A4437B27-1101-4C91-AEBE-F97606990E2B}.Release|x86.ActiveCfg = Release|x86
		{A4437B27-1101-4C91-AEBE-F97606990E2B}.Release|x86.Build.0 = Release|x86
		{111BE643-7978-4CDB-9FDC-0A198139A488}.Debug|Any CPU.ActiveCfg = Debug|x64
		{111BE643-7978-4CDB-9FDC-0A198139A488}.Debug|Any CPU.Build.0 = Debug|x64
		{111BE643-7978-4CDB-9FDC-0A198139A488}.Debug|x64.ActiveCfg = Debug|x64
		{111BE643-7978-4CDB-9FDC-0A198139A488}.Debug|x64.Build.0 = Debug|x64
		{111BE643-7978-4CDB-9FDC-0A198139A488}.Debug|x86.ActiveCfg = Debug|x86
		{111BE643-7978-4CDB-9FDC-0A198139A488}.Debug|x86.Build.0 = Debug|x86
		{111BE643-7978-4CDB-9FDC-0A198139A488}.Release|Any CPU.ActiveCfg = Release|x64
		{111BE643-7978-4CDB-9FDC-0A198139A488}.Release|Any CPU.Build.0 = Release|x64
		{111BE643-7978-4CDB-9FDC-0A198139A488}.Release|x64.ActiveCfg = Release|x64
		{111BE643-7978-4CDB-9FDC-0A198139A488}.Release|x64.Build.0 = Release|x64
		{111BE643-7978-4CDB-9FDC-0A198139A488}.Release|x86.ActiveCfg = Release|x86
		{111BE643-7978-4CDB-9FDC-0A198139A488}.Release|x86.Build.0 = Release|x86
		{06B6E480-D964-4351-8FF3-E62F652B8D4C}.Debug|Any CPU.ActiveCfg = Debug|x64
		{06B6E480-D964-4351-8FF3-E62F652B8D4C}.Debug|Any CPU.Build.0 = Debug|x64
		{06B6E480-D964-4351-8FF3-E62F652B8D4C}.Debug|x64.ActiveCfg = Debug|x64
		{06B6E480-D964-4351-8FF3-E62F652B8D4C}.Debug|x64.Build.0 = Debug|x64
		{06B6E480-D964-4351-8FF3-E62F652B8D4C}.Debug|x86.ActiveCfg = Debug|x86
		{06B6E480-D964-4351-8FF3-E62F652B8D4C}.Debug|x86.Build.0 = Debug|x86
		{06B6E480-D964-4351-8FF3-E62F652B8D4C}.Release|Any CPU.ActiveCfg = Release|x64
		{06B6E480-D964-4351-8FF3-E62F652B8D4C}.Release|Any CPU.Build.0 = Release|x64
		{06B6E480-D964-4351-8FF3-E62F652B8D4C}.Release|x64.ActiveCfg = Release|x64
		{06B6E480-D964-4351-8FF3-E62F652B8D4C}.Release|x64.Build.0 = Release|x64
		{06B6E480-D964-4351-8FF3-E62F652B8D4C}.Release|x86.ActiveCfg = Release|x86
		{06B6E480-D964-4351-8FF3-E62F652B8D4C}.Release|x86.Build.0 = Release|x86
		{6AC780D0-1862-4680-8B47-AD6CCF97B66C}.Debug|Any CPU.ActiveCfg = Debug|x64
		{6AC780D0-1862-4680-8B47-AD6CCF97B66C}.Debug|Any CPU.Build.0 = Debug|x64
		{6AC780D0-1862-4680-8B47-AD6CCF97B66C}.Debug|x64.ActiveCfg = Debug|x64
		{6AC780D0-1862-4680-8B47-AD6CCF97B66C}.Debug|x64.Build.0 = Debug|x64
		{6AC780D0-1862-4680-8B47-AD6CCF97B66C}.Debug|x86.ActiveCfg = Debug|x86
		{6AC780D0-1862-4680-8B47-AD6CCF97B66C}.Debug|x86.Build.0 = Debug|x86
		{6AC780D0-1862-4680-8B47-AD6CCF97B66C}.Release|Any CPU.ActiveCfg = Release|x64
		{6AC780D0-1862-4680-8B47-AD6CCF97B66C}.Release|Any CPU.Build.0 = Release|x64
		{6AC780D0-1862-4680-8B47-AD6CCF97B66C}.Release|x64.ActiveCfg = Release|x64
		{6AC780D0-1862-4680-8B47-AD6CCF97B66C}.Release|x64.Build.0 = Release|x64
		{6AC780D0-1862-4680-8B47-AD6CCF97B66C}.Release|x86.ActiveCfg = Release|x86
		{6AC780D0-1862-4680-8B47-AD6CCF97B66C}.Release|x86.Build.0 = Release|x86
		{A7289C54-F777-45EA-A6E8-9C7605706CBE}.Debug|Any CPU.ActiveCfg = Debug|x64
		{A7289C54-F777-45EA-A6E8-9C7605706CBE}.Debug|Any CPU.Build.0 = Debug|x64
		{A7289C54-F777-45EA-A6E8-9C7605706CBE}.Debug|x64.ActiveCfg = Debug|x64
		{A7289C54-F777-45EA-A6E8-9C7605706CBE}.Debug|x64.Build.0 = Debug|x64
		{A7289C54-F777-45EA-A6E8-9C7605706CBE}.Debug|x86.ActiveCfg = Debug|Any CPU
		{A7289C54-F777-45EA-A6E8-9C7605706CBE}.Debug|x86.Build.0 = Debug|Any CPU
		{A7289C54-F777-45EA-A6E8-9C7605706CBE}.Release|Any CPU.ActiveCfg = Release|x64
		{A7289C54-F777-45EA-A6E8-9C7605706CBE}.Release|Any CPU.Build.0 = Release|x64
		{A7289C54-F777-45EA-A6E8-9C7605706CBE}.Release|x64.ActiveCfg = Release|Any CPU
		{A7289C54-F777-45EA-A6E8-9C7605706CBE}.Release|x64.Build.0 = Release|Any CPU
		{A7289C54-F777-45EA-A6E8-9C7605706CBE}.Release|x86.ActiveCfg = Release|Any CPU
		{A7289C54-F777-45EA-A6E8-9C7605706CBE}.Release|x86.Build.0 = Release|Any CPU
		{23B8473B-196A-4634-9F13-1BAFAB9D48C4}.Debug|Any CPU.ActiveCfg = Debug|x64
		{23B8473B-196A-4634-9F13-1BAFAB9D48C4}.Debug|Any CPU.Build.0 = Debug|x64
		{23B8473B-196A-4634-9F13-1BAFAB9D48C4}.Debug|x64.ActiveCfg = Debug|x64
		{23B8473B-196A-4634-9F13-1BAFAB9D48C4}.Debug|x64.Build.0 = Debug|x64
		{23B8473B-196A-4634-9F13-1BAFAB9D48C4}.Debug|x86.ActiveCfg = Debug|Any CPU
		{23B8473B-196A-4634-9F13-1BAFAB9D48C4}.Debug|x86.Build.0 = Debug|Any CPU
		{23B8473B-196A-4634-9F13-1BAFAB9D48C4}.Release|Any CPU.ActiveCfg = Release|x64
		{23B8473B-196A-4634-9F13-1BAFAB9D48C4}.Release|Any CPU.Build.0 = Release|x64
		{23B8473B-196A-4634-9F13-1BAFAB9D48C4}.Release|x64.ActiveCfg = Release|Any CPU
		{23B8473B-196A-4634-9F13-1BAFAB9D48C4}.Release|x64.Build.0 = Release|Any CPU
		{23B8473B-196A-4634-9F13-1BAFAB9D48C4}.Release|x86.ActiveCfg = Release|Any CPU
		{23B8473B-196A-4634-9F13-1BAFAB9D48C4}.Release|x86.Build.0 = Release|Any CPU
		{2D69A112-5366-4007-945E-0D4DA8E83BE5}.Debug|Any CPU.ActiveCfg = Debug|x64
		{2D69A112-5366-4007-945E-0D4DA8E83BE5}.Debug|Any CPU.Build.0 = Debug|x64
		{2D69A112-5366-4007-945E-0D4DA8E83BE5}.Debug|x64.ActiveCfg = Debug|Any CPU
		{2D69A112-5366-4007-945E-0D4DA8E83BE5}.Debug|x64.Build.0 = Debug|Any CPU
		{2D69A112-5366-4007-945E-0D4DA8E83BE5}.Debug|x86.ActiveCfg = Debug|Any CPU
		{2D69A112-5366-4007-945E-0D4DA8E83BE5}.Debug|x86.Build.0 = Debug|Any CPU
		{2D69A112-5366-4007-945E-0D4DA8E83BE5}.Release|Any CPU.ActiveCfg = Release|x64
		{2D69A112-5366-4007-945E-0D4DA8E83BE5}.Release|Any CPU.Build.0 = Release|x64
		{2D69A112-5366-4007-945E-0D4DA8E83BE5}.Release|x64.ActiveCfg = Release|Any CPU
		{2D69A112-5366-4007-945E-0D4DA8E83BE5}.Release|x64.Build.0 = Release|Any CPU
		{2D69A112-5366-4007-945E-0D4DA8E83BE5}.Release|x86.ActiveCfg = Release|Any CPU
		{2D69A112-5366-4007-945E-0D4DA8E83BE5}.Release|x86.Build.0 = Release|Any CPU
	EndGlobalSection
	GlobalSection(SolutionProperties) = preSolution
		HideSolutionNode = FALSE
	EndGlobalSection
	GlobalSection(ExtensibilityGlobals) = postSolution
		SolutionGuid = {44312322-DEA7-4BDE-8930-AFEAB72CA425}
	EndGlobalSection
EndGlobal
