
Microsoft Visual Studio Solution File, Format Version 12.00
# Visual Studio 15
Project("{D954291E-2A0B-460D-934E-DC6B0785DB48}") = "ElectionGuard.Shared", "ElectionGuard.Shared\ElectionGuard.Shared.shproj", "{6ACA3077-AE61-4ABC-B927-62E360A1922B}"
EndProject
Project("{FAE04EC0-301F-11D3-BF4B-00C04F79EFBC}") = "ElectionGuard.Android", "ElectionGuard.Android\ElectionGuard.Android.csproj", "{893438E6-22EC-4A9C-B6AD-24BE545171B6}"
EndProject
Project("{FAE04EC0-301F-11D3-BF4B-00C04F79EFBC}") = "ElectionGuard.Standard", "ElectionGuard.Standard\ElectionGuard.Standard.csproj", "{7BC16153-D7CF-4BC4-88A6-A230ACD910D0}"
EndProject
Project("{FAE04EC0-301F-11D3-BF4B-00C04F79EFBC}") = "ElectionGuard.iOS", "ElectionGuard.iOS\ElectionGuard.iOS.csproj", "{57BF1F50-4963-4E0F-8B81-10C3E9981F25}"
EndProject
Project("{D954291E-2A0B-460D-934E-DC6B0785DB48}") = "ElectionGuard.Tests", "Tests\ElectionGuard.Tests\ElectionGuard.Tests.shproj", "{290B0AFF-6F73-4BEC-9CEE-E6C6D0D54435}"
EndProject
Project("{FAE04EC0-301F-11D3-BF4B-00C04F79EFBC}") = "ElectionGuard.Tests.iOS", "Tests\ElectionGuard.Tests.iOS\ElectionGuard.Tests.iOS.csproj", "{13AC3C88-7871-4F04-8601-97E2B545B2ED}"
EndProject
Project("{FAE04EC0-301F-11D3-BF4B-00C04F79EFBC}") = "ElectionGuard.Tests.Android", "Tests\ElectionGuard.Tests.Android\ElectionGuard.Tests.Android.csproj", "{7E89ABBF-1E2C-4FE7-AA1B-6599EB4856A2}"
EndProject
Project("{5DD5E4FA-CB73-4610-85AB-557B54E96AA9}") = "ElectionGuard.NuGet", "ElectionGuard.NuGet\ElectionGuard.NuGet.nuproj", "{B327EC46-948E-4756-BF81-152B07BB2134}"
EndProject
Global
	GlobalSection(SolutionConfigurationPlatforms) = preSolution
		Debug|Any CPU = Debug|Any CPU
		Release|Any CPU = Release|Any CPU
		Debug|iPhoneSimulator = Debug|iPhoneSimulator
		Release|iPhone = Release|iPhone
		Release|iPhoneSimulator = Release|iPhoneSimulator
		Debug|iPhone = Debug|iPhone
	EndGlobalSection
	GlobalSection(ProjectConfigurationPlatforms) = postSolution
		{893438E6-22EC-4A9C-B6AD-24BE545171B6}.Debug|Any CPU.ActiveCfg = Debug|Any CPU
		{893438E6-22EC-4A9C-B6AD-24BE545171B6}.Debug|Any CPU.Build.0 = Debug|Any CPU
		{893438E6-22EC-4A9C-B6AD-24BE545171B6}.Release|Any CPU.ActiveCfg = Release|Any CPU
		{893438E6-22EC-4A9C-B6AD-24BE545171B6}.Release|Any CPU.Build.0 = Release|Any CPU
		{893438E6-22EC-4A9C-B6AD-24BE545171B6}.Debug|iPhoneSimulator.ActiveCfg = Debug|Any CPU
		{893438E6-22EC-4A9C-B6AD-24BE545171B6}.Debug|iPhoneSimulator.Build.0 = Debug|Any CPU
		{893438E6-22EC-4A9C-B6AD-24BE545171B6}.Release|iPhone.ActiveCfg = Release|Any CPU
		{893438E6-22EC-4A9C-B6AD-24BE545171B6}.Release|iPhone.Build.0 = Release|Any CPU
		{893438E6-22EC-4A9C-B6AD-24BE545171B6}.Release|iPhoneSimulator.ActiveCfg = Release|Any CPU
		{893438E6-22EC-4A9C-B6AD-24BE545171B6}.Release|iPhoneSimulator.Build.0 = Release|Any CPU
		{893438E6-22EC-4A9C-B6AD-24BE545171B6}.Debug|iPhone.ActiveCfg = Debug|Any CPU
		{893438E6-22EC-4A9C-B6AD-24BE545171B6}.Debug|iPhone.Build.0 = Debug|Any CPU
		{7BC16153-D7CF-4BC4-88A6-A230ACD910D0}.Debug|Any CPU.ActiveCfg = Debug|Any CPU
		{7BC16153-D7CF-4BC4-88A6-A230ACD910D0}.Debug|Any CPU.Build.0 = Debug|Any CPU
		{7BC16153-D7CF-4BC4-88A6-A230ACD910D0}.Release|Any CPU.ActiveCfg = Release|Any CPU
		{7BC16153-D7CF-4BC4-88A6-A230ACD910D0}.Release|Any CPU.Build.0 = Release|Any CPU
		{7BC16153-D7CF-4BC4-88A6-A230ACD910D0}.Debug|iPhoneSimulator.ActiveCfg = Debug|Any CPU
		{7BC16153-D7CF-4BC4-88A6-A230ACD910D0}.Debug|iPhoneSimulator.Build.0 = Debug|Any CPU
		{7BC16153-D7CF-4BC4-88A6-A230ACD910D0}.Release|iPhone.ActiveCfg = Release|Any CPU
		{7BC16153-D7CF-4BC4-88A6-A230ACD910D0}.Release|iPhone.Build.0 = Release|Any CPU
		{7BC16153-D7CF-4BC4-88A6-A230ACD910D0}.Release|iPhoneSimulator.ActiveCfg = Release|Any CPU
		{7BC16153-D7CF-4BC4-88A6-A230ACD910D0}.Release|iPhoneSimulator.Build.0 = Release|Any CPU
		{7BC16153-D7CF-4BC4-88A6-A230ACD910D0}.Debug|iPhone.ActiveCfg = Debug|Any CPU
		{7BC16153-D7CF-4BC4-88A6-A230ACD910D0}.Debug|iPhone.Build.0 = Debug|Any CPU
		{57BF1F50-4963-4E0F-8B81-10C3E9981F25}.Debug|Any CPU.ActiveCfg = Debug|Any CPU
		{57BF1F50-4963-4E0F-8B81-10C3E9981F25}.Debug|Any CPU.Build.0 = Debug|Any CPU
		{57BF1F50-4963-4E0F-8B81-10C3E9981F25}.Release|Any CPU.ActiveCfg = Release|Any CPU
		{57BF1F50-4963-4E0F-8B81-10C3E9981F25}.Release|Any CPU.Build.0 = Release|Any CPU
		{57BF1F50-4963-4E0F-8B81-10C3E9981F25}.Debug|iPhoneSimulator.ActiveCfg = Debug|Any CPU
		{57BF1F50-4963-4E0F-8B81-10C3E9981F25}.Debug|iPhoneSimulator.Build.0 = Debug|Any CPU
		{57BF1F50-4963-4E0F-8B81-10C3E9981F25}.Release|iPhone.ActiveCfg = Release|Any CPU
		{57BF1F50-4963-4E0F-8B81-10C3E9981F25}.Release|iPhone.Build.0 = Release|Any CPU
		{57BF1F50-4963-4E0F-8B81-10C3E9981F25}.Release|iPhoneSimulator.ActiveCfg = Release|Any CPU
		{57BF1F50-4963-4E0F-8B81-10C3E9981F25}.Release|iPhoneSimulator.Build.0 = Release|Any CPU
		{57BF1F50-4963-4E0F-8B81-10C3E9981F25}.Debug|iPhone.ActiveCfg = Debug|Any CPU
		{57BF1F50-4963-4E0F-8B81-10C3E9981F25}.Debug|iPhone.Build.0 = Debug|Any CPU
		{13AC3C88-7871-4F04-8601-97E2B545B2ED}.Debug|Any CPU.ActiveCfg = Debug|iPhoneSimulator
		{13AC3C88-7871-4F04-8601-97E2B545B2ED}.Release|Any CPU.ActiveCfg = Release|iPhone
		{13AC3C88-7871-4F04-8601-97E2B545B2ED}.Debug|iPhoneSimulator.ActiveCfg = Debug|iPhoneSimulator
		{13AC3C88-7871-4F04-8601-97E2B545B2ED}.Debug|iPhoneSimulator.Build.0 = Debug|iPhoneSimulator
		{13AC3C88-7871-4F04-8601-97E2B545B2ED}.Release|iPhone.ActiveCfg = Release|iPhone
		{13AC3C88-7871-4F04-8601-97E2B545B2ED}.Release|iPhone.Build.0 = Release|iPhone
		{13AC3C88-7871-4F04-8601-97E2B545B2ED}.Release|iPhoneSimulator.ActiveCfg = Release|iPhoneSimulator
		{13AC3C88-7871-4F04-8601-97E2B545B2ED}.Release|iPhoneSimulator.Build.0 = Release|iPhoneSimulator
		{13AC3C88-7871-4F04-8601-97E2B545B2ED}.Debug|iPhone.ActiveCfg = Debug|iPhone
		{13AC3C88-7871-4F04-8601-97E2B545B2ED}.Debug|iPhone.Build.0 = Debug|iPhone
		{7E89ABBF-1E2C-4FE7-AA1B-6599EB4856A2}.Debug|Any CPU.ActiveCfg = Debug|Any CPU
		{7E89ABBF-1E2C-4FE7-AA1B-6599EB4856A2}.Debug|Any CPU.Build.0 = Debug|Any CPU
		{7E89ABBF-1E2C-4FE7-AA1B-6599EB4856A2}.Release|Any CPU.ActiveCfg = Release|Any CPU
		{7E89ABBF-1E2C-4FE7-AA1B-6599EB4856A2}.Release|Any CPU.Build.0 = Release|Any CPU
		{7E89ABBF-1E2C-4FE7-AA1B-6599EB4856A2}.Debug|iPhoneSimulator.ActiveCfg = Debug|Any CPU
		{7E89ABBF-1E2C-4FE7-AA1B-6599EB4856A2}.Release|iPhone.ActiveCfg = Release|Any CPU
		{7E89ABBF-1E2C-4FE7-AA1B-6599EB4856A2}.Release|iPhoneSimulator.ActiveCfg = Release|Any CPU
		{7E89ABBF-1E2C-4FE7-AA1B-6599EB4856A2}.Debug|iPhone.ActiveCfg = Debug|Any CPU
	EndGlobalSection
	GlobalSection(MonoDevelopProperties) = preSolution
		version = 0.0.1
	EndGlobalSection
EndGlobal
